
Microsoft Visual Studio Solution File, Format Version 12.00
# Visual Studio 15
VisualStudioVersion = 15.0.27130.2024
MinimumVisualStudioVersion = 10.0.40219.1
Project("{9A19103F-16F7-4668-BE54-9A1E7A4F7556}") = "LineMessaging", "LineMessaging\LineMessaging.csproj", "{E84EAEA3-99E3-4636-A7DF-F4922F082A98}"
EndProject
Project("{9A19103F-16F7-4668-BE54-9A1E7A4F7556}") = "LineMessaging.Test", "LineMessaging.Test\LineMessaging.Test.csproj", "{B04AB595-51C5-44B0-AE0A-625709DB0F9F}"
EndProject
Global
	GlobalSection(SolutionConfigurationPlatforms) = preSolution
		Debug|Any CPU = Debug|Any CPU
		Release|Any CPU = Release|Any CPU
	EndGlobalSection
	GlobalSection(ProjectConfigurationPlatforms) = postSolution
		{E84EAEA3-99E3-4636-A7DF-F4922F082A98}.Debug|Any CPU.ActiveCfg = Debug|Any CPU
		{E84EAEA3-99E3-4636-A7DF-F4922F082A98}.Debug|Any CPU.Build.0 = Debug|Any CPU
		{E84EAEA3-99E3-4636-A7DF-F4922F082A98}.Release|Any CPU.ActiveCfg = Release|Any CPU
		{E84EAEA3-99E3-4636-A7DF-F4922F082A98}.Release|Any CPU.Build.0 = Release|Any CPU
		{B04AB595-51C5-44B0-AE0A-625709DB0F9F}.Debug|Any CPU.ActiveCfg = Debug|Any CPU
		{B04AB595-51C5-44B0-AE0A-625709DB0F9F}.Debug|Any CPU.Build.0 = Debug|Any CPU
		{B04AB595-51C5-44B0-AE0A-625709DB0F9F}.Release|Any CPU.ActiveCfg = Release|Any CPU
		{B04AB595-51C5-44B0-AE0A-625709DB0F9F}.Release|Any CPU.Build.0 = Release|Any CPU
	EndGlobalSection
	GlobalSection(SolutionProperties) = preSolution
		HideSolutionNode = FALSE
	EndGlobalSection
	GlobalSection(ExtensibilityGlobals) = postSolution
		SolutionGuid = {20A77B26-4E76-4809-B296-C5080EA9D817}
	EndGlobalSection
EndGlobal
